# This file is generated by running "yarn install" inside your project.
# Manual changes might be lost - proceed with caution!

__metadata:
  version: 6
  cacheKey: 8

"@thinkdrop/comms-graph@workspace:.":
  version: 0.0.0-use.local
  resolution: "@thinkdrop/comms-graph@workspace:."
  dependencies:
    dotenv: ^16.0.0
    ws: ^8.16.0
  languageName: unknown
  linkType: soft

"dotenv@npm:^16.0.0":
  version: 16.6.1
  resolution: "dotenv@npm:16.6.1"
  checksum: e8bd63c9a37f57934f7938a9cf35de698097fadf980cb6edb61d33b3e424ceccfe4d10f37130b904a973b9038627c2646a3365a904b4406514ea94d7f1816b69
  languageName: node
  linkType: hard

"ws@npm:^8.16.0":
  version: 8.21.3
  resolution: "ws@npm:8.21.3"
  peerDependencies:
    bufferutil: ^4.0.1
    utf-8-validate: ">=5.0.2"
  peerDependenciesMeta:
    bufferutil:
      optional: true
    utf-8-validate:
      optional: true
  checksum: 8a28a457a997e0d63b5bc4d35344c342c68038c207013196468c35a80f7220397665739026217e836abc40ea7432483de3fee47a64abdedb4e3d0e3f332dc37b
  languageName: node
  linkType: hard
